// !$*UTF8*$!
{
	archiveVersion = 1;
	classes = {
	};
	objectVersion = 56;
	objects = {

/* Begin PBXBuildFile section */
		C349E84F2C33EBFF00E2C788 /* AppDelegate.swift in Sources */ = {isa = PBXBuildFile; fileRef = C349E84E2C33EBFF00E2C788 /* AppDelegate.swift */; };
		C349E8512C33EBFF00E2C788 /* SceneDelegate.swift in Sources */ = {isa = PBXBuildFile; fileRef = C349E8502C33EBFF00E2C788 /* SceneDelegate.swift */; };
		C349E8532C33EBFF00E2C788 /* ViewController.swift in Sources */ = {isa = PBXBuildFile; fileRef = C349E8522C33EBFF00E2C788 /* ViewController.swift */; };
		C349E8562C33EBFF00E2C788 /* Base in Resources */ = {isa = PBXBuildFile; fileRef = C349E8552C33EBFF00E2C788 /* Base */; };
		C349E8582C33EC0100E2C788 /* Assets.xcassets in Resources */ = {isa = PBXBuildFile; fileRef = C349E8572C33EC0100E2C788 /* Assets.xcassets */; };
		C349E85B2C33EC0100E2C788 /* Base in Resources */ = {isa = PBXBuildFile; fileRef = C349E85A2C33EC0100E2C788 /* Base */; };
		C349E8652C33EC9A00E2C788 /* FirstViewController.swift in Sources */ = {isa = PBXBuildFile; fileRef = C349E8642C33EC9A00E2C788 /* FirstViewController.swift */; };
		CFCF66E52C3E6AB6003DB0AE /* AboutViewController.swift in Sources */ = {isa = PBXBuildFile; fileRef = CFCF66E42C3E6AB6003DB0AE /* AboutViewController.swift */; };
		CFCF66E72C3E6ABE003DB0AE /* UserInfoTableViewCell.swift in Sources */ = {isa = PBXBuildFile; fileRef = CFCF66E62C3E6ABE003DB0AE /* UserInfoTableViewCell.swift */; };
		CFCF66E92C3EE0BE003DB0AE /* NewsViewController.swift in Sources */ = {isa = PBXBuildFile; fileRef = CFCF66E82C3EE0BE003DB0AE /* NewsViewController.swift */; };
		CFF4DE892C39D17D00083A62 /* Main.storyboard in Resources */ = {isa = PBXBuildFile; fileRef = C349E8542C33EBFF00E2C788 /* Main.storyboard */; };
		CFF4DE8F2C39D21800083A62 /* FirstTableViewCell.swift in Sources */ = {isa = PBXBuildFile; fileRef = CFF4DE8C2C39D21800083A62 /* FirstTableViewCell.swift */; };
		CFF4DE912C39E03C00083A62 /* DetailViewController.swift in Sources */ = {isa = PBXBuildFile; fileRef = CFF4DE902C39E03700083A62 /* DetailViewController.swift */; };
		CFF4DE932C3A8CEA00083A62 /* ReviewViewController.swift in Sources */ = {isa = PBXBuildFile; fileRef = CFF4DE922C3A8CE500083A62 /* ReviewViewController.swift */; };
/* End PBXBuildFile section */

/* Begin PBXFileReference section */
		C349E84B2C33EBFF00E2C788 /* Lesson3.app */ = {isa = PBXFileReference; explicitFileType = wrapper.application; includeInIndex = 0; path = Lesson3.app; sourceTree = BUILT_PRODUCTS_DIR; };
		C349E84E2C33EBFF00E2C788 /* AppDelegate.swift */ = {isa = PBXFileReference; lastKnownFileType = sourcecode.swift; path = AppDelegate.swift; sourceTree = "<group>"; };
		C349E8502C33EBFF00E2C788 /* SceneDelegate.swift */ = {isa = PBXFileReference; lastKnownFileType = sourcecode.swift; path = SceneDelegate.swift; sourceTree = "<group>"; };
		C349E8522C33EBFF00E2C788 /* ViewController.swift */ = {isa = PBXFileReference; lastKnownFileType = sourcecode.swift; path = ViewController.swift; sourceTree = "<group>"; };
		C349E8552C33EBFF00E2C788 /* Base */ = {isa = PBXFileReference; lastKnownFileType = file.storyboard; name = Base; path = Base.lproj/Main.storyboard; sourceTree = "<group>"; };
		C349E8572C33EC0100E2C788 /* Assets.xcassets */ = {isa = PBXFileReference; lastKnownFileType = folder.assetcatalog; path = Assets.xcassets; sourceTree = "<group>"; };
		C349E85A2C33EC0100E2C788 /* Base */ = {isa = PBXFileReference; lastKnownFileType = file.storyboard; name = Base; path = Base.lproj/LaunchScreen.storyboard; sourceTree = "<group>"; };
		C349E85C2C33EC0100E2C788 /* Info.plist */ = {isa = PBXFileReference; lastKnownFileType = text.plist.xml; path = Info.plist; sourceTree = "<group>"; };
		C349E8642C33EC9A00E2C788 /* FirstViewController.swift */ = {isa = PBXFileReference; lastKnownFileType = sourcecode.swift; path = FirstViewController.swift; sourceTree = "<group>"; };
		CFCF66E42C3E6AB6003DB0AE /* AboutViewController.swift */ = {isa = PBXFileReference; lastKnownFileType = sourcecode.swift; path = AboutViewController.swift; sourceTree = "<group>"; };
		CFCF66E62C3E6ABE003DB0AE /* UserInfoTableViewCell.swift */ = {isa = PBXFileReference; lastKnownFileType = sourcecode.swift; path = UserInfoTableViewCell.swift; sourceTree = "<group>"; };
		CFCF66E82C3EE0BE003DB0AE /* NewsViewController.swift */ = {isa = PBXFileReference; lastKnownFileType = sourcecode.swift; path = NewsViewController.swift; sourceTree = "<group>"; };
		CFF4DE8C2C39D21800083A62 /* FirstTableViewCell.swift */ = {isa = PBXFileReference; lastKnownFileType = sourcecode.swift; path = FirstTableViewCell.swift; sourceTree = "<group>"; };
		CFF4DE902C39E03700083A62 /* DetailViewController.swift */ = {isa = PBXFileReference; lastKnownFileType = sourcecode.swift; path = DetailViewController.swift; sourceTree = "<group>"; };
		CFF4DE922C3A8CE500083A62 /* ReviewViewController.swift */ = {isa = PBXFileReference; lastKnownFileType = sourcecode.swift; path = ReviewViewController.swift; sourceTree = "<group>"; };
/* End PBXFileReference section */

/* Begin PBXFrameworksBuildPhase section */
		C349E8482C33EBFF00E2C788 /* Frameworks */ = {
			isa = PBXFrameworksBuildPhase;
			buildActionMask = 2147483647;
			files = (
			);
			runOnlyForDeploymentPostprocessing = 0;
		};
/* End PBXFrameworksBuildPhase section */

/* Begin PBXGroup section */
		C349E8422C33EBFF00E2C788 = {
			isa = PBXGroup;
			children = (
				C349E84D2C33EBFF00E2C788 /* Lesson3 */,
				C349E84C2C33EBFF00E2C788 /* Products */,
			);
			sourceTree = "<group>";
		};
		C349E84C2C33EBFF00E2C788 /* Products */ = {
			isa = PBXGroup;
			children = (
				C349E84B2C33EBFF00E2C788 /* Lesson3.app */,
			);
			name = Products;
			sourceTree = "<group>";
		};
		C349E84D2C33EBFF00E2C788 /* Lesson3 */ = {
			isa = PBXGroup;
			children = (
				CFCF66E42C3E6AB6003DB0AE /* AboutViewController.swift */,
				CFCF66E62C3E6ABE003DB0AE /* UserInfoTableViewCell.swift */,
				CFF4DE922C3A8CE500083A62 /* ReviewViewController.swift */,
				CFCF66E82C3EE0BE003DB0AE /* NewsViewController.swift */,
				CFF4DE902C39E03700083A62 /* DetailViewController.swift */,
				C349E84E2C33EBFF00E2C788 /* AppDelegate.swift */,
				C349E8502C33EBFF00E2C788 /* SceneDelegate.swift */,
				C349E8522C33EBFF00E2C788 /* ViewController.swift */,
				C349E8642C33EC9A00E2C788 /* FirstViewController.swift */,
				C349E8572C33EC0100E2C788 /* Assets.xcassets */,
				C349E8592C33EC0100E2C788 /* LaunchScreen.storyboard */,
				C349E8542C33EBFF00E2C788 /* Main.storyboard */,
				C349E85C2C33EC0100E2C788 /* Info.plist */,
				CFF4DE8C2C39D21800083A62 /* FirstTableViewCell.swift */,
			);
			path = Lesson3;
			sourceTree = "<group>";
		};
/* End PBXGroup section */

/* Begin PBXNativeTarget section */
		C349E84A2C33EBFF00E2C788 /* Lesson3 */ = {
			isa = PBXNativeTarget;
			buildConfigurationList = C349E85F2C33EC0100E2C788 /* Build configuration list for PBXNativeTarget "Lesson3" */;
			buildPhases = (
				C349E8472C33EBFF00E2C788 /* Sources */,
				C349E8482C33EBFF00E2C788 /* Frameworks */,
				C349E8492C33EBFF00E2C788 /* Resources */,
			);
			buildRules = (
			);
			dependencies = (
			);
			name = Lesson3;
			productName = Lesson3;
			productReference = C349E84B2C33EBFF00E2C788 /* Lesson3.app */;
			productType = "com.apple.product-type.application";
		};
/* End PBXNativeTarget section */

/* Begin PBXProject section */
		C349E8432C33EBFF00E2C788 /* Project object */ = {
			isa = PBXProject;
			attributes = {
				BuildIndependentTargetsInParallel = 1;
				LastSwiftUpdateCheck = 1540;
				LastUpgradeCheck = 1540;
				TargetAttributes = {
					C349E84A2C33EBFF00E2C788 = {
						CreatedOnToolsVersion = 15.4;
					};
				};
			};
			buildConfigurationList = C349E8462C33EBFF00E2C788 /* Build configuration list for PBXProject "Lesson3" */;
			compatibilityVersion = "Xcode 14.0";
			developmentRegion = en;
			hasScannedForEncodings = 0;
			knownRegions = (
				en,
				Base,
			);
			mainGroup = C349E8422C33EBFF00E2C788;
			productRefGroup = C349E84C2C33EBFF00E2C788 /* Products */;
			projectDirPath = "";
			projectRoot = "";
			targets = (
				C349E84A2C33EBFF00E2C788 /* Lesson3 */,
			);
		};
/* End PBXProject section */

/* Begin PBXResourcesBuildPhase section */
		C349E8492C33EBFF00E2C788 /* Resources */ = {
			isa = PBXResourcesBuildPhase;
			buildActionMask = 2147483647;
			files = (
				C349E8582C33EC0100E2C788 /* Assets.xcassets in Resources */,
				C349E85B2C33EC0100E2C788 /* Base in Resources */,
				C349E8562C33EBFF00E2C788 /* Base in Resources */,
				CFF4DE892C39D17D00083A62 /* Main.storyboard in Resources */,
			);
			runOnlyForDeploymentPostprocessing = 0;
		};
/* End PBXResourcesBuildPhase section */

/* Begin PBXSourcesBuildPhase section */
		C349E8472C33EBFF00E2C788 /* Sources */ = {
			isa = PBXSourcesBuildPhase;
			buildActionMask = 2147483647;
			files = (
				CFCF66E92C3EE0BE003DB0AE /* NewsViewController.swift in Sources */,
				CFF4DE8F2C39D21800083A62 /* FirstTableViewCell.swift in Sources */,
				C349E8532C33EBFF00E2C788 /* ViewController.swift in Sources */,
				CFF4DE932C3A8CEA00083A62 /* ReviewViewController.swift in Sources */,
				C349E84F2C33EBFF00E2C788 /* AppDelegate.swift in Sources */,
				CFCF66E72C3E6ABE003DB0AE /* UserInfoTableViewCell.swift in Sources */,
				CFF4DE912C39E03C00083A62 /* DetailViewController.swift in Sources */,
				C349E8512C33EBFF00E2C788 /* SceneDelegate.swift in Sources */,
				CFCF66E52C3E6AB6003DB0AE /* AboutViewController.swift in Sources */,
				C349E8652C33EC9A00E2C788 /* FirstViewController.swift in Sources */,
			);
			runOnlyForDeploymentPostprocessing = 0;
		};
/* End PBXSourcesBuildPhase section */

/* Begin PBXVariantGroup section */
		C349E8542C33EBFF00E2C788 /* Main.storyboard */ = {
			isa = PBXVariantGroup;
			children = (
				C349E8552C33EBFF00E2C788 /* Base */,
			);
			name = Main.storyboard;
			sourceTree = "<group>";
		};
		C349E8592C33EC0100E2C788 /* LaunchScreen.storyboard */ = {
			isa = PBXVariantGroup;
			children = (
				C349E85A2C33EC0100E2C788 /* Base */,
			);
			name = LaunchScreen.storyboard;
			sourceTree = "<group>";
		};
/* End PBXVariantGroup section */

/* Begin XCBuildConfiguration section */
		C349E85D2C33EC0100E2C788 /* Debug */ = {
			isa = XCBuildConfiguration;
			buildSettings = {
				ALWAYS_SEARCH_USER_PATHS = NO;
				ASSETCATALOG_COMPILER_GENERATE_SWIFT_ASSET_SYMBOL_EXTENSIONS = YES;
				CLANG_ANALYZER_NONNULL = YES;
				CLANG_ANALYZER_NUMBER_OBJECT_CONVERSION = YES_AGGRESSIVE;
				CLANG_CXX_LANGUAGE_STANDARD = "gnu++20";
				CLANG_ENABLE_MODULES = YES;
				CLANG_ENABLE_OBJC_ARC = YES;
				CLANG_ENABLE_OBJC_WEAK = YES;
				CLANG_WARN_BLOCK_CAPTURE_AUTORELEASING = YES;
				CLANG_WARN_BOOL_CONVERSION = YES;
				CLANG_WARN_COMMA = YES;
				CLANG_WARN_CONSTANT_CONVERSION = YES;
				CLANG_WARN_DEPRECATED_OBJC_IMPLEMENTATIONS = YES;
				CLANG_WARN_DIRECT_OBJC_ISA_USAGE = YES_ERROR;
				CLANG_WARN_DOCUMENTATION_COMMENTS = YES;
				CLANG_WARN_EMPTY_BODY = YES;
				CLANG_WARN_ENUM_CONVERSION = YES;
				CLANG_WARN_INFINITE_RECURSION = YES;
				CLANG_WARN_INT_CONVERSION = YES;
				CLANG_WARN_NON_LITERAL_NULL_CONVERSION = YES;
				CLANG_WARN_OBJC_IMPLICIT_RETAIN_SELF = YES;
				CLANG_WARN_OBJC_LITERAL_CONVERSION = YES;
				CLANG_WARN_OBJC_ROOT_CLASS = YES_ERROR;
				CLANG_WARN_QUOTED_INCLUDE_IN_FRAMEWORK_HEADER = YES;
				CLANG_WARN_RANGE_LOOP_ANALYSIS = YES;
				CLANG_WARN_STRICT_PROTOTYPES = YES;
				CLANG_WARN_SUSPICIOUS_MOVE = YES;
				CLANG_WARN_UNGUARDED_AVAILABILITY = YES_AGGRESSIVE;
				CLANG_WARN_UNREACHABLE_CODE = YES;
				CLANG_WARN__DUPLICATE_METHOD_MATCH = YES;
				COPY_PHASE_STRIP = NO;
				DEBUG_INFORMATION_FORMAT = dwarf;
				ENABLE_STRICT_OBJC_MSGSEND = YES;
				ENABLE_TESTABILITY = YES;
				ENABLE_USER_SCRIPT_SANDBOXING = YES;
				GCC_C_LANGUAGE_STANDARD = gnu17;
				GCC_DYNAMIC_NO_PIC = NO;
				GCC_NO_COMMON_BLOCKS = YES;
				GCC_OPTIMIZATION_LEVEL = 0;
				GCC_PREPROCESSOR_DEFINITIONS = (
					"DEBUG=1",
					"$(inherited)",
				);
				GCC_WARN_64_TO_32_BIT_CONVERSION = YES;
				GCC_WARN_ABOUT_RETURN_TYPE = YES_ERROR;
				GCC_WARN_UNDECLARED_SELECTOR = YES;
				GCC_WARN_UNINITIALIZED_AUTOS = YES_AGGRESSIVE;
				GCC_WARN_UNUSED_FUNCTION = YES;
				GCC_WARN_UNUSED_VARIABLE = YES;
				IPHONEOS_DEPLOYMENT_TARGET = 17.5;
				LOCALIZATION_PREFERS_STRING_CATALOGS = YES;
				MTL_ENABLE_DEBUG_INFO = INCLUDE_SOURCE;
				MTL_FAST_MATH = YES;
				ONLY_ACTIVE_ARCH = YES;
				SDKROOT = iphoneos;
				SWIFT_ACTIVE_COMPILATION_CONDITIONS = "DEBUG $(inherited)";
				SWIFT_OPTIMIZATION_LEVEL = "-Onone";
			};
			name = Debug;
		};
		C349E85E2C33EC0100E2C788 /* Release */ = {
			isa = XCBuildConfiguration;
			buildSettings = {
				ALWAYS_SEARCH_USER_PATHS = NO;
				ASSETCATALOG_COMPILER_GENERATE_SWIFT_ASSET_SYMBOL_EXTENSIONS = YES;
				CLANG_ANALYZER_NONNULL = YES;
				CLANG_ANALYZER_NUMBER_OBJECT_CONVERSION = YES_AGGRESSIVE;
				CLANG_CXX_LANGUAGE_STANDARD = "gnu++20";
				CLANG_ENABLE_MODULES = YES;
				CLANG_ENABLE_OBJC_ARC = YES;
				CLANG_ENABLE_OBJC_WEAK = YES;
				CLANG_WARN_BLOCK_CAPTURE_AUTORELEASING = YES;
				CLANG_WARN_BOOL_CONVERSION = YES;
				CLANG_WARN_COMMA = YES;
				CLANG_WARN_CONSTANT_CONVERSION = YES;
				CLANG_WARN_DEPRECATED_OBJC_IMPLEMENTATIONS = YES;
				CLANG_WARN_DIRECT_OBJC_ISA_USAGE = YES_ERROR;
				CLANG_WARN_DOCUMENTATION_COMMENTS = YES;
				CLANG_WARN_EMPTY_BODY = YES;
				CLANG_WARN_ENUM_CONVERSION = YES;
				CLANG_WARN_INFINITE_RECURSION = YES;
				CLANG_WARN_INT_CONVERSION = YES;
				CLANG_WARN_NON_LITERAL_NULL_CONVERSION = YES;
				CLANG_WARN_OBJC_IMPLICIT_RETAIN_SELF = YES;
				CLANG_WARN_OBJC_LITERAL_CONVERSION = YES;
				CLANG_WARN_OBJC_ROOT_CLASS = YES_ERROR;
				CLANG_WARN_QUOTED_INCLUDE_IN_FRAMEWORK_HEADER = YES;
				CLANG_WARN_RANGE_LOOP_ANALYSIS = YES;
				CLANG_WARN_STRICT_PROTOTYPES = YES;
				CLANG_WARN_SUSPICIOUS_MOVE = YES;
				CLANG_WARN_UNGUARDED_AVAILABILITY = YES_AGGRESSIVE;
				CLANG_WARN_UNREACHABLE_CODE = YES;
				CLANG_WARN__DUPLICATE_METHOD_MATCH = YES;
				COPY_PHASE_STRIP = NO;
				DEBUG_INFORMATION_FORMAT = "dwarf-with-dsym";
				ENABLE_NS_ASSERTIONS = NO;
				ENABLE_STRICT_OBJC_MSGSEND = YES;
				ENABLE_USER_SCRIPT_SANDBOXING = YES;
				GCC_C_LANGUAGE_STANDARD = gnu17;
				GCC_NO_COMMON_BLOCKS = YES;
				GCC_WARN_64_TO_32_BIT_CONVERSION = YES;
				GCC_WARN_ABOUT_RETURN_TYPE = YES_ERROR;
				GCC_WARN_UNDECLARED_SELECTOR = YES;
				GCC_WARN_UNINITIALIZED_AUTOS = YES_AGGRESSIVE;
				GCC_WARN_UNUSED_FUNCTION = YES;
				GCC_WARN_UNUSED_VARIABLE = YES;
				IPHONEOS_DEPLOYMENT_TARGET = 17.5;
				LOCALIZATION_PREFERS_STRING_CATALOGS = YES;
				MTL_ENABLE_DEBUG_INFO = NO;
				MTL_FAST_MATH = YES;
				SDKROOT = iphoneos;
				SWIFT_COMPILATION_MODE = wholemodule;
				VALIDATE_PRODUCT = YES;
			};
			name = Release;
		};
		C349E8602C33EC0100E2C788 /* Debug */ = {
			isa = XCBuildConfiguration;
			buildSettings = {
				ASSETCATALOG_COMPILER_APPICON_NAME = AppIcon;
				ASSETCATALOG_COMPILER_GLOBAL_ACCENT_COLOR_NAME = AccentColor;
				CODE_SIGN_STYLE = Automatic;
				CURRENT_PROJECT_VERSION = 1;
				DEVELOPMENT_TEAM = QH7RX45SNF;
				GENERATE_INFOPLIST_FILE = YES;
				INFOPLIST_FILE = Lesson3/Info.plist;
				INFOPLIST_KEY_UIApplicationSupportsIndirectInputEvents = YES;
				INFOPLIST_KEY_UILaunchStoryboardName = LaunchScreen;
				INFOPLIST_KEY_UIMainStoryboardFile = Main;
				INFOPLIST_KEY_UISupportedInterfaceOrientations_iPad = "UIInterfaceOrientationPortrait UIInterfaceOrientationPortraitUpsideDown UIInterfaceOrientationLandscapeLeft UIInterfaceOrientationLandscapeRight";
				INFOPLIST_KEY_UISupportedInterfaceOrientations_iPhone = "UIInterfaceOrientationPortrait UIInterfaceOrientationLandscapeLeft UIInterfaceOrientationLandscapeRight";
				LD_RUNPATH_SEARCH_PATHS = (
					"$(inherited)",
					"@executable_path/Frameworks",
				);
				MARKETING_VERSION = 1.0;
				PRODUCT_BUNDLE_IDENTIFIER = com.prodavecyada.Lesson3;
				PRODUCT_NAME = "$(TARGET_NAME)";
				SWIFT_EMIT_LOC_STRINGS = YES;
				SWIFT_VERSION = 5.0;
				TARGETED_DEVICE_FAMILY = "1,2";
			};
			name = Debug;
		};
		C349E8612C33EC0100E2C788 /* Release */ = {
			isa = XCBuildConfiguration;
			buildSettings = {
				ASSETCATALOG_COMPILER_APPICON_NAME = AppIcon;
				ASSETCATALOG_COMPILER_GLOBAL_ACCENT_COLOR_NAME = AccentColor;
				CODE_SIGN_STYLE = Automatic;
				CURRENT_PROJECT_VERSION = 1;
				DEVELOPMENT_TEAM = QH7RX45SNF;
				GENERATE_INFOPLIST_FILE = YES;
				INFOPLIST_FILE = Lesson3/Info.plist;
				INFOPLIST_KEY_UIApplicationSupportsIndirectInputEvents = YES;
				INFOPLIST_KEY_UILaunchStoryboardName = LaunchScreen;
				INFOPLIST_KEY_UIMainStoryboardFile = Main;
				INFOPLIST_KEY_UISupportedInterfaceOrientations_iPad = "UIInterfaceOrientationPortrait UIInterfaceOrientationPortraitUpsideDown UIInterfaceOrientationLandscapeLeft UIInterfaceOrientationLandscapeRight";
				INFOPLIST_KEY_UISupportedInterfaceOrientations_iPhone = "UIInterfaceOrientationPortrait UIInterfaceOrientationLandscapeLeft UIInterfaceOrientationLandscapeRight";
				LD_RUNPATH_SEARCH_PATHS = (
					"$(inherited)",
					"@executable_path/Frameworks",
				);
				MARKETING_VERSION = 1.0;
				PRODUCT_BUNDLE_IDENTIFIER = com.prodavecyada.Lesson3;
				PRODUCT_NAME = "$(TARGET_NAME)";
				SWIFT_EMIT_LOC_STRINGS = YES;
				SWIFT_VERSION = 5.0;
				TARGETED_DEVICE_FAMILY = "1,2";
			};
			name = Release;
		};
/* End XCBuildConfiguration section */

/* Begin XCConfigurationList section */
		C349E8462C33EBFF00E2C788 /* Build configuration list for PBXProject "Lesson3" */ = {
			isa = XCConfigurationList;
			buildConfigurations = (
				C349E85D2C33EC0100E2C788 /* Debug */,
				C349E85E2C33EC0100E2C788 /* Release */,
			);
			defaultConfigurationIsVisible = 0;
			defaultConfigurationName = Release;
		};
		C349E85F2C33EC0100E2C788 /* Build configuration list for PBXNativeTarget "Lesson3" */ = {
			isa = XCConfigurationList;
			buildConfigurations = (
				C349E8602C33EC0100E2C788 /* Debug */,
				C349E8612C33EC0100E2C788 /* Release */,
			);
			defaultConfigurationIsVisible = 0;
			defaultConfigurationName = Release;
		};
/* End XCConfigurationList section */
	};
	rootObject = C349E8432C33EBFF00E2C788 /* Project object */;
}
